
Microsoft Visual Studio Solution File, Format Version 12.00
# Visual Studio Version 17
VisualStudioVersion = 17.13.35919.96 d17.13
MinimumVisualStudioVersion = 10.0.40219.1
Project("{54A90642-561A-4BB1-A94E-469ADEE60C69}") = "urlking.client", "urlking.client\urlking.client.esproj", "{1B3ACF28-E44C-E682-E98F-2993DDCE8304}"
EndProject
Project("{FAE04EC0-301F-11D3-BF4B-00C04F79EFBC}") = "UrlKing.Server", "UrlKing.Server\UrlKing.Server.csproj", "{D168A71C-1117-4B66-A2CF-86E457061E65}"
EndProject
Global
	GlobalSection(SolutionConfigurationPlatforms) = preSolution
		Debug|Any CPU = Debug|Any CPU
		Release|Any CPU = Release|Any CPU
	EndGlobalSection
	GlobalSection(ProjectConfigurationPlatforms) = postSolution
		{1B3ACF28-E44C-E682-E98F-2993DDCE8304}.Debug|Any CPU.ActiveCfg = Debug|Any CPU
		{1B3ACF28-E44C-E682-E98F-2993DDCE8304}.Debug|Any CPU.Build.0 = Debug|Any CPU
		{1B3ACF28-E44C-E682-E98F-2993DDCE8304}.Debug|Any CPU.Deploy.0 = Debug|Any CPU
		{1B3ACF28-E44C-E682-E98F-2993DDCE8304}.Release|Any CPU.ActiveCfg = Release|Any CPU
		{1B3ACF28-E44C-E682-E98F-2993DDCE8304}.Release|Any CPU.Build.0 = Release|Any CPU
		{1B3ACF28-E44C-E682-E98F-2993DDCE8304}.Release|Any CPU.Deploy.0 = Release|Any CPU
		{D168A71C-1117-4B66-A2CF-86E457061E65}.Debug|Any CPU.ActiveCfg = Debug|Any CPU
		{D168A71C-1117-4B66-A2CF-86E457061E65}.Debug|Any CPU.Build.0 = Debug|Any CPU
		{D168A71C-1117-4B66-A2CF-86E457061E65}.Release|Any CPU.ActiveCfg = Release|Any CPU
		{D168A71C-1117-4B66-A2CF-86E457061E65}.Release|Any CPU.Build.0 = Release|Any CPU
	EndGlobalSection
	GlobalSection(SolutionProperties) = preSolution
		HideSolutionNode = FALSE
	EndGlobalSection
	GlobalSection(ExtensibilityGlobals) = postSolution
		SolutionGuid = {BD7F35E8-93BE-4786-8AFF-EF65F8DC9D92}
	EndGlobalSection
EndGlobal
